
Microsoft Visual Studio Solution File, Format Version 12.00
# Visual Studio Version 17
VisualStudioVersion = 17.7.34009.444
MinimumVisualStudioVersion = 10.0.40219.1
Project("{FAE04EC0-301F-11D3-BF4B-00C04F79EFBC}") = "Module-2", "Module-2\Module-2.csproj", "{B99F2C78-D315-43CD-839B-243A31833CCB}"
EndProject
Global
	GlobalSection(SolutionConfigurationPlatforms) = preSolution
		Debug|Any CPU = Debug|Any CPU
		Release|Any CPU = Release|Any CPU
	EndGlobalSection
	GlobalSection(ProjectConfigurationPlatforms) = postSolution
		{B99F2C78-D315-43CD-839B-243A31833CCB}.Debug|Any CPU.ActiveCfg = Debug|Any CPU
		{B99F2C78-D315-43CD-839B-243A31833CCB}.Debug|Any CPU.Build.0 = Debug|Any CPU
		{B99F2C78-D315-43CD-839B-243A31833CCB}.Release|Any CPU.ActiveCfg = Release|Any CPU
		{B99F2C78-D315-43CD-839B-243A31833CCB}.Release|Any CPU.Build.0 = Release|Any CPU
	EndGlobalSection
	GlobalSection(SolutionProperties) = preSolution
		HideSolutionNode = FALSE
	EndGlobalSection
	GlobalSection(ExtensibilityGlobals) = postSolution
		SolutionGuid = {790B640C-2D64-4A59-9C86-9C933A2E6FB3}
	EndGlobalSection
EndGlobal
